[[package]]
name = "unittest"
version = "0.0"
description = ""
category = "main"
optional = false
python-versions = "*"

[metadata]
lock-version = "1.1"
python-versions = "^3.9"
content-hash = "770db3ebb81ff04952e3d821a45b881d8885628a50d89c2aa54d228e38d0c81d"

[metadata.files]
unittest = [
    {file = "unittest2-0.0.0.tar.gz", hash = "sha256:1b492484bea7f68abda5fcc61412e77b6a105e5842355d630f8b75f01add3555"},
]
