[[package]]
name = "bresenham"
version = "0.2.1"
description = "An implementation of Bresenham's line drawing algorithm"
category = "main"
optional = false
python-versions = "*"

[[package]]
name = "unittest"
version = "0.0"
description = ""
category = "dev"
optional = false
python-versions = "*"

[metadata]
lock-version = "1.1"
python-versions = "^3.9"
content-hash = "805a725628efeebba6a06d641b1c113384a14e25757c27d183bdeb76e92d9315"

[metadata.files]
bresenham = [
    {file = "bresenham-0.2.1-py3-none-any.whl", hash = "sha256:c076b8bf730adb65cc5037d26639a5629dd63f6c1481d80b6856c99d47a1c6bf"},
]
unittest = [
    {file = "unittest2-0.0.0.tar.gz", hash = "sha256:1b492484bea7f68abda5fcc61412e77b6a105e5842355d630f8b75f01add3555"},
]
